github.com/gofrs/uuid/v5 v5.3.0 h1:m0mUMr+oVYUdxpMLgSYCZiXe7PuVPnI94+OMeVBNedk=
github.com/gofrs/uuid/v5 v5.3.0/go.mod h1:CDOjlDMVAtN56jqyRUZh58JT31Tiw7/oQyEXZV+9bD8=
github.com/imakiri/witness v0.5.0 h1:PDnCCA6yVk3fj00m6k1omBMQCsYHwrHND3M8lhKdcCQ=
github.com/imakiri/witness v0.5.0/go.mod h1:4eNa9g9mjQonyXF6mEMBhdb0qCKtF3x1p3lXa6PTT+4=
